
Microsoft Visual Studio Solution File, Format Version 11.00
# Visual Studio 2010
Project("{FAE04EC0-301F-11D3-BF4B-00C04F79EFBC}") = "MVC3BootstrapTemplate", "MVC3BootstrapTemplate\MVC3BootstrapTemplate.csproj", "{1E1F74BD-2EB8-4884-B016-565B9B5AC88F}"
EndProject
Project("{2150E333-8FDC-42A3-9474-1A3956D46DE8}") = "Solution Items", "Solution Items", "{E0ABBCE2-9AB8-4897-9844-69BBF1E2D7F6}"
	ProjectSection(SolutionItems) = preProject
		MVC3BootstrapTemplate.zip = MVC3BootstrapTemplate.zip
		README = README
	EndProjectSection
EndProject
Project("{2150E333-8FDC-42A3-9474-1A3956D46DE8}") = "nuget", "nuget", "{5B1D2CC6-54C1-4214-82B6-BC62E2F1AB9F}"
	ProjectSection(SolutionItems) = preProject
		.nuget\NuGet.Config = .nuget\NuGet.Config
		.nuget\NuGet.exe = .nuget\NuGet.exe
		.nuget\NuGet.targets = .nuget\NuGet.targets
	EndProjectSection
EndProject
Global
	GlobalSection(SolutionConfigurationPlatforms) = preSolution
		Debug|Any CPU = Debug|Any CPU
		Release|Any CPU = Release|Any CPU
	EndGlobalSection
	GlobalSection(ProjectConfigurationPlatforms) = postSolution
		{1E1F74BD-2EB8-4884-B016-565B9B5AC88F}.Debug|Any CPU.ActiveCfg = Debug|Any CPU
		{1E1F74BD-2EB8-4884-B016-565B9B5AC88F}.Debug|Any CPU.Build.0 = Debug|Any CPU
		{1E1F74BD-2EB8-4884-B016-565B9B5AC88F}.Release|Any CPU.ActiveCfg = Release|Any CPU
		{1E1F74BD-2EB8-4884-B016-565B9B5AC88F}.Release|Any CPU.Build.0 = Release|Any CPU
	EndGlobalSection
	GlobalSection(SolutionProperties) = preSolution
		HideSolutionNode = FALSE
	EndGlobalSection
	GlobalSection(NestedProjects) = preSolution
		{5B1D2CC6-54C1-4214-82B6-BC62E2F1AB9F} = {E0ABBCE2-9AB8-4897-9844-69BBF1E2D7F6}
	EndGlobalSection
EndGlobal
